
Microsoft Visual Studio Solution File, Format Version 12.00
# Visual Studio Version 17
VisualStudioVersion = 17.0.32014.148
MinimumVisualStudioVersion = 10.0.40219.1
Project("{FAE04EC0-301F-11D3-BF4B-00C04F79EFBC}") = "CalibrationApp", "CalibrationApp\CalibrationApp.csproj", "{99B5028C-D2CB-4CCC-A1C8-233283768766}"
EndProject
Global
	GlobalSection(SolutionConfigurationPlatforms) = preSolution
		Debug|Any CPU = Debug|Any CPU
		Release|Any CPU = Release|Any CPU
	EndGlobalSection
	GlobalSection(ProjectConfigurationPlatforms) = postSolution
		{99B5028C-D2CB-4CCC-A1C8-233283768766}.Debug|Any CPU.ActiveCfg = Debug|Any CPU
		{99B5028C-D2CB-4CCC-A1C8-233283768766}.Debug|Any CPU.Build.0 = Debug|Any CPU
		{99B5028C-D2CB-4CCC-A1C8-233283768766}.Release|Any CPU.ActiveCfg = Release|Any CPU
		{99B5028C-D2CB-4CCC-A1C8-233283768766}.Release|Any CPU.Build.0 = Release|Any CPU
	EndGlobalSection
	GlobalSection(SolutionProperties) = preSolution
		HideSolutionNode = FALSE
	EndGlobalSection
	GlobalSection(ExtensibilityGlobals) = postSolution
		SolutionGuid = {4C624445-42D1-49A0-8341-0B06BF8136B2}
	EndGlobalSection
EndGlobal
